
Microsoft Visual Studio Solution File, Format Version 12.00
# Visual Studio Version 18
VisualStudioVersion = 18.1.11312.151
MinimumVisualStudioVersion = 10.0.40219.1
Project("{2150E333-8FDC-42A3-9474-1A3956D46DE8}") = "common", "common", "{02EA681E-C7D8-13C7-8484-4AC65E1B71E8}"
	ProjectSection(SolutionItems) = preProject
		.editorconfig = .editorconfig
		BACKLOG.md = BACKLOG.md
		README.md = README.md
	EndProjectSection
EndProject
Project("{2150E333-8FDC-42A3-9474-1A3956D46DE8}") = "src", "src", "{6A443D14-3352-4616-8C96-02E6DBECB5CD}"
EndProject
Project("{2150E333-8FDC-42A3-9474-1A3956D46DE8}") = "tests", "tests", "{60D654F0-48A8-42F6-A4AF-E3A3C13327D4}"
EndProject
Project("{FAE04EC0-301F-11D3-BF4B-00C04F79EFBC}") = "AccessControl.Server", "src\AccessControl.Server\AccessControl.Server.csproj", "{D45D4265-CA86-4CCF-8FE2-F0D230A4AD59}"
EndProject
Project("{FAE04EC0-301F-11D3-BF4B-00C04F79EFBC}") = "AccessControl.DataAccess", "src\AccessControl.DataAccess\AccessControl.DataAccess.csproj", "{351D2C6D-1268-497C-9F5B-A1C888BA19FE}"
EndProject
Project("{FAE04EC0-301F-11D3-BF4B-00C04F79EFBC}") = "AccessControl.DataAccess.Tests", "tests\AccessControl.DataAccess.Tests\AccessControl.DataAccess.Tests.csproj", "{5B19233A-3FB4-4570-94A9-EE62F609EDDB}"
EndProject
Project("{FAE04EC0-301F-11D3-BF4B-00C04F79EFBC}") = "AccessControl.WebApi", "src\AccessControl.WebApi\AccessControl.WebApi.csproj", "{8411E994-AE21-4955-BE25-F0BF4186F5B3}"
EndProject
Project("{FAE04EC0-301F-11D3-BF4B-00C04F79EFBC}") = "AccessControl.Contracts", "src\AccessControl.Contracts\AccessControl.Contracts.csproj", "{3049C7F7-E9B4-427E-B074-07F6975C27B1}"
EndProject
Project("{FAE04EC0-301F-11D3-BF4B-00C04F79EFBC}") = "AccessControl.Client.Tests", "tests\AccessControl.Client.Tests\AccessControl.Client.Tests.csproj", "{2E957191-E1D4-47F8-96A8-8D8A10209C4B}"
EndProject
Project("{2150E333-8FDC-42A3-9474-1A3956D46DE8}") = "sample", "sample", "{2E21F39D-CB83-4733-9920-384BFEB815FC}"
EndProject
Project("{FAE04EC0-301F-11D3-BF4B-00C04F79EFBC}") = "AccessControl.AdminUI", "src\AccessControl.AdminUI\AccessControl.AdminUI.csproj", "{01AC9DDC-E03D-492B-A4CA-9D7C3D68F9A4}"
EndProject
Project("{FAE04EC0-301F-11D3-BF4B-00C04F79EFBC}") = "AccessControl.AdminUI.Tests", "tests\AccessControl.AdminUI.Tests\AccessControl.AdminUI.Tests.csproj", "{53829760-DE06-4AFA-9682-F13C4B97014D}"
EndProject
Global
	GlobalSection(SolutionConfigurationPlatforms) = preSolution
		Debug|Any CPU = Debug|Any CPU
		Release|Any CPU = Release|Any CPU
	EndGlobalSection
	GlobalSection(ProjectConfigurationPlatforms) = postSolution
		{D45D4265-CA86-4CCF-8FE2-F0D230A4AD59}.Debug|Any CPU.ActiveCfg = Debug|Any CPU
		{D45D4265-CA86-4CCF-8FE2-F0D230A4AD59}.Debug|Any CPU.Build.0 = Debug|Any CPU
		{D45D4265-CA86-4CCF-8FE2-F0D230A4AD59}.Release|Any CPU.ActiveCfg = Release|Any CPU
		{D45D4265-CA86-4CCF-8FE2-F0D230A4AD59}.Release|Any CPU.Build.0 = Release|Any CPU
		{351D2C6D-1268-497C-9F5B-A1C888BA19FE}.Debug|Any CPU.ActiveCfg = Debug|Any CPU
		{351D2C6D-1268-497C-9F5B-A1C888BA19FE}.Debug|Any CPU.Build.0 = Debug|Any CPU
		{351D2C6D-1268-497C-9F5B-A1C888BA19FE}.Release|Any CPU.ActiveCfg = Release|Any CPU
		{351D2C6D-1268-497C-9F5B-A1C888BA19FE}.Release|Any CPU.Build.0 = Release|Any CPU
		{5B19233A-3FB4-4570-94A9-EE62F609EDDB}.Debug|Any CPU.ActiveCfg = Debug|Any CPU
		{5B19233A-3FB4-4570-94A9-EE62F609EDDB}.Debug|Any CPU.Build.0 = Debug|Any CPU
		{5B19233A-3FB4-4570-94A9-EE62F609EDDB}.Release|Any CPU.ActiveCfg = Release|Any CPU
		{5B19233A-3FB4-4570-94A9-EE62F609EDDB}.Release|Any CPU.Build.0 = Release|Any CPU
		{8411E994-AE21-4955-BE25-F0BF4186F5B3}.Debug|Any CPU.ActiveCfg = Debug|Any CPU
		{8411E994-AE21-4955-BE25-F0BF4186F5B3}.Debug|Any CPU.Build.0 = Debug|Any CPU
		{8411E994-AE21-4955-BE25-F0BF4186F5B3}.Release|Any CPU.ActiveCfg = Release|Any CPU
		{8411E994-AE21-4955-BE25-F0BF4186F5B3}.Release|Any CPU.Build.0 = Release|Any CPU
		{3049C7F7-E9B4-427E-B074-07F6975C27B1}.Debug|Any CPU.ActiveCfg = Debug|Any CPU
		{3049C7F7-E9B4-427E-B074-07F6975C27B1}.Debug|Any CPU.Build.0 = Debug|Any CPU
		{3049C7F7-E9B4-427E-B074-07F6975C27B1}.Release|Any CPU.ActiveCfg = Release|Any CPU
		{3049C7F7-E9B4-427E-B074-07F6975C27B1}.Release|Any CPU.Build.0 = Release|Any CPU
		{2E957191-E1D4-47F8-96A8-8D8A10209C4B}.Debug|Any CPU.ActiveCfg = Debug|Any CPU
		{2E957191-E1D4-47F8-96A8-8D8A10209C4B}.Debug|Any CPU.Build.0 = Debug|Any CPU
		{2E957191-E1D4-47F8-96A8-8D8A10209C4B}.Release|Any CPU.ActiveCfg = Release|Any CPU
		{2E957191-E1D4-47F8-96A8-8D8A10209C4B}.Release|Any CPU.Build.0 = Release|Any CPU
		{01AC9DDC-E03D-492B-A4CA-9D7C3D68F9A4}.Debug|Any CPU.ActiveCfg = Debug|Any CPU
		{01AC9DDC-E03D-492B-A4CA-9D7C3D68F9A4}.Debug|Any CPU.Build.0 = Debug|Any CPU
		{01AC9DDC-E03D-492B-A4CA-9D7C3D68F9A4}.Release|Any CPU.ActiveCfg = Release|Any CPU
		{01AC9DDC-E03D-492B-A4CA-9D7C3D68F9A4}.Release|Any CPU.Build.0 = Release|Any CPU
		{53829760-DE06-4AFA-9682-F13C4B97014D}.Debug|Any CPU.ActiveCfg = Debug|Any CPU
		{53829760-DE06-4AFA-9682-F13C4B97014D}.Debug|Any CPU.Build.0 = Debug|Any CPU
		{53829760-DE06-4AFA-9682-F13C4B97014D}.Release|Any CPU.ActiveCfg = Release|Any CPU
		{53829760-DE06-4AFA-9682-F13C4B97014D}.Release|Any CPU.Build.0 = Release|Any CPU
	EndGlobalSection
	GlobalSection(SolutionProperties) = preSolution
		HideSolutionNode = FALSE
	EndGlobalSection
	GlobalSection(NestedProjects) = preSolution
		{D45D4265-CA86-4CCF-8FE2-F0D230A4AD59} = {2E21F39D-CB83-4733-9920-384BFEB815FC}
		{351D2C6D-1268-497C-9F5B-A1C888BA19FE} = {6A443D14-3352-4616-8C96-02E6DBECB5CD}
		{5B19233A-3FB4-4570-94A9-EE62F609EDDB} = {60D654F0-48A8-42F6-A4AF-E3A3C13327D4}
		{8411E994-AE21-4955-BE25-F0BF4186F5B3} = {6A443D14-3352-4616-8C96-02E6DBECB5CD}
		{3049C7F7-E9B4-427E-B074-07F6975C27B1} = {6A443D14-3352-4616-8C96-02E6DBECB5CD}
		{2E957191-E1D4-47F8-96A8-8D8A10209C4B} = {60D654F0-48A8-42F6-A4AF-E3A3C13327D4}
		{01AC9DDC-E03D-492B-A4CA-9D7C3D68F9A4} = {6A443D14-3352-4616-8C96-02E6DBECB5CD}
		{53829760-DE06-4AFA-9682-F13C4B97014D} = {60D654F0-48A8-42F6-A4AF-E3A3C13327D4}
	EndGlobalSection
	GlobalSection(ExtensibilityGlobals) = postSolution
		SolutionGuid = {8105A308-F341-42D1-81BA-FB5A382EA147}
	EndGlobalSection
EndGlobal
